
Microsoft Visual Studio Solution File, Format Version 12.00
# Visual Studio Version 16
VisualStudioVersion = 16.0.29503.13
MinimumVisualStudioVersion = 10.0.40219.1
Project("{8BC9CEB8-8B4A-11D0-8D11-00A0C91BC942}") = "CelobrojnaGomilaMinimalna", "CelobrojnaGomilaMinimalna\CelobrojnaGomilaMinimalna.vcxproj", "{32F677CC-75BB-45F3-B358-7A3032BF00B5}"
EndProject
Global
	GlobalSection(SolutionConfigurationPlatforms) = preSolution
		Debug|x64 = Debug|x64
		Debug|x86 = Debug|x86
		Release|x64 = Release|x64
		Release|x86 = Release|x86
	EndGlobalSection
	GlobalSection(ProjectConfigurationPlatforms) = postSolution
		{32F677CC-75BB-45F3-B358-7A3032BF00B5}.Debug|x64.ActiveCfg = Debug|x64
		{32F677CC-75BB-45F3-B358-7A3032BF00B5}.Debug|x64.Build.0 = Debug|x64
		{32F677CC-75BB-45F3-B358-7A3032BF00B5}.Debug|x86.ActiveCfg = Debug|Win32
		{32F677CC-75BB-45F3-B358-7A3032BF00B5}.Debug|x86.Build.0 = Debug|Win32
		{32F677CC-75BB-45F3-B358-7A3032BF00B5}.Release|x64.ActiveCfg = Release|x64
		{32F677CC-75BB-45F3-B358-7A3032BF00B5}.Release|x64.Build.0 = Release|x64
		{32F677CC-75BB-45F3-B358-7A3032BF00B5}.Release|x86.ActiveCfg = Release|Win32
		{32F677CC-75BB-45F3-B358-7A3032BF00B5}.Release|x86.Build.0 = Release|Win32
	EndGlobalSection
	GlobalSection(SolutionProperties) = preSolution
		HideSolutionNode = FALSE
	EndGlobalSection
	GlobalSection(ExtensibilityGlobals) = postSolution
		SolutionGuid = {E2888154-67B9-41EB-BCBE-F18B1D7FA8E5}
	EndGlobalSection
EndGlobal
